
Microsoft Visual Studio Solution File, Format Version 12.00
# Visual Studio Version 16
VisualStudioVersion = 16.0.32802.440
MinimumVisualStudioVersion = 10.0.40219.1
Project("{FAE04EC0-301F-11D3-BF4B-00C04F79EFBC}") = "WEBKitaplık", "WEBKitaplık\WEBKitaplık.csproj", "{89AEA760-F3EA-411F-BCC7-EF095F521420}"
EndProject
Global
	GlobalSection(SolutionConfigurationPlatforms) = preSolution
		Debug|Any CPU = Debug|Any CPU
		Release|Any CPU = Release|Any CPU
	EndGlobalSection
	GlobalSection(ProjectConfigurationPlatforms) = postSolution
		{89AEA760-F3EA-411F-BCC7-EF095F521420}.Debug|Any CPU.ActiveCfg = Debug|Any CPU
		{89AEA760-F3EA-411F-BCC7-EF095F521420}.Debug|Any CPU.Build.0 = Debug|Any CPU
		{89AEA760-F3EA-411F-BCC7-EF095F521420}.Release|Any CPU.ActiveCfg = Release|Any CPU
		{89AEA760-F3EA-411F-BCC7-EF095F521420}.Release|Any CPU.Build.0 = Release|Any CPU
	EndGlobalSection
	GlobalSection(SolutionProperties) = preSolution
		HideSolutionNode = FALSE
	EndGlobalSection
	GlobalSection(ExtensibilityGlobals) = postSolution
		SolutionGuid = {265CF8C4-9CA5-4F0C-AE8B-DFE07BF087C6}
	EndGlobalSection
EndGlobal
