
Microsoft Visual Studio Solution File, Format Version 12.00
# Visual Studio Version 16
VisualStudioVersion = 16.0.32802.440
MinimumVisualStudioVersion = 10.0.40219.1
Project("{FAE04EC0-301F-11D3-BF4B-00C04F79EFBC}") = "MVC_Stok_Deneme", "MVC_Stok_Deneme\MVC_Stok_Deneme.csproj", "{001AFA1D-FDF1-43E4-8E8C-8F9883FF0A53}"
EndProject
Global
	GlobalSection(SolutionConfigurationPlatforms) = preSolution
		Debug|Any CPU = Debug|Any CPU
		Release|Any CPU = Release|Any CPU
	EndGlobalSection
	GlobalSection(ProjectConfigurationPlatforms) = postSolution
		{001AFA1D-FDF1-43E4-8E8C-8F9883FF0A53}.Debug|Any CPU.ActiveCfg = Debug|Any CPU
		{001AFA1D-FDF1-43E4-8E8C-8F9883FF0A53}.Debug|Any CPU.Build.0 = Debug|Any CPU
		{001AFA1D-FDF1-43E4-8E8C-8F9883FF0A53}.Release|Any CPU.ActiveCfg = Release|Any CPU
		{001AFA1D-FDF1-43E4-8E8C-8F9883FF0A53}.Release|Any CPU.Build.0 = Release|Any CPU
	EndGlobalSection
	GlobalSection(SolutionProperties) = preSolution
		HideSolutionNode = FALSE
	EndGlobalSection
	GlobalSection(ExtensibilityGlobals) = postSolution
		SolutionGuid = {CAC6838A-B57F-4349-8DE3-3F03BE56EC7A}
	EndGlobalSection
EndGlobal
