
Microsoft Visual Studio Solution File, Format Version 12.00
# Visual Studio Version 16
VisualStudioVersion = 16.0.32802.440
MinimumVisualStudioVersion = 10.0.40219.1
Project("{FAE04EC0-301F-11D3-BF4B-00C04F79EFBC}") = "Deneme.01", "Deneme.01\Deneme.01.csproj", "{016C1C51-B0C7-4BC1-AC24-F3BF5F5DFA64}"
EndProject
Global
	GlobalSection(SolutionConfigurationPlatforms) = preSolution
		Debug|Any CPU = Debug|Any CPU
		Release|Any CPU = Release|Any CPU
	EndGlobalSection
	GlobalSection(ProjectConfigurationPlatforms) = postSolution
		{016C1C51-B0C7-4BC1-AC24-F3BF5F5DFA64}.Debug|Any CPU.ActiveCfg = Debug|Any CPU
		{016C1C51-B0C7-4BC1-AC24-F3BF5F5DFA64}.Debug|Any CPU.Build.0 = Debug|Any CPU
		{016C1C51-B0C7-4BC1-AC24-F3BF5F5DFA64}.Release|Any CPU.ActiveCfg = Release|Any CPU
		{016C1C51-B0C7-4BC1-AC24-F3BF5F5DFA64}.Release|Any CPU.Build.0 = Release|Any CPU
	EndGlobalSection
	GlobalSection(SolutionProperties) = preSolution
		HideSolutionNode = FALSE
	EndGlobalSection
	GlobalSection(ExtensibilityGlobals) = postSolution
		SolutionGuid = {490D38E5-3E0F-4B36-9736-3C2E6995332D}
	EndGlobalSection
EndGlobal
