
Microsoft Visual Studio Solution File, Format Version 12.00
# Visual Studio Version 16
VisualStudioVersion = 16.0.32802.440
MinimumVisualStudioVersion = 10.0.40219.1
Project("{FAE04EC0-301F-11D3-BF4B-00C04F79EFBC}") = "UdemyKursFatihAbi.Web", "UdemyKursFatihAbi.Web\UdemyKursFatihAbi.Web.csproj", "{8C4C0C7A-FF9C-4B5C-B448-31499A73AD7D}"
EndProject
Global
	GlobalSection(SolutionConfigurationPlatforms) = preSolution
		Debug|Any CPU = Debug|Any CPU
		Release|Any CPU = Release|Any CPU
	EndGlobalSection
	GlobalSection(ProjectConfigurationPlatforms) = postSolution
		{8C4C0C7A-FF9C-4B5C-B448-31499A73AD7D}.Debug|Any CPU.ActiveCfg = Debug|Any CPU
		{8C4C0C7A-FF9C-4B5C-B448-31499A73AD7D}.Debug|Any CPU.Build.0 = Debug|Any CPU
		{8C4C0C7A-FF9C-4B5C-B448-31499A73AD7D}.Release|Any CPU.ActiveCfg = Release|Any CPU
		{8C4C0C7A-FF9C-4B5C-B448-31499A73AD7D}.Release|Any CPU.Build.0 = Release|Any CPU
	EndGlobalSection
	GlobalSection(SolutionProperties) = preSolution
		HideSolutionNode = FALSE
	EndGlobalSection
	GlobalSection(ExtensibilityGlobals) = postSolution
		SolutionGuid = {2C67F47E-3477-484C-9781-C1580B36E59F}
	EndGlobalSection
EndGlobal
