
Microsoft Visual Studio Solution File, Format Version 12.00
# Visual Studio Version 16
VisualStudioVersion = 16.0.32802.440
MinimumVisualStudioVersion = 10.0.40219.1
Project("{FAE04EC0-301F-11D3-BF4B-00C04F79EFBC}") = "Static_MVC", "Static_MVC\Static_MVC.csproj", "{16F0EDBD-A938-4AAE-B170-66100788CEB7}"
EndProject
Global
	GlobalSection(SolutionConfigurationPlatforms) = preSolution
		Debug|Any CPU = Debug|Any CPU
		Release|Any CPU = Release|Any CPU
	EndGlobalSection
	GlobalSection(ProjectConfigurationPlatforms) = postSolution
		{16F0EDBD-A938-4AAE-B170-66100788CEB7}.Debug|Any CPU.ActiveCfg = Debug|Any CPU
		{16F0EDBD-A938-4AAE-B170-66100788CEB7}.Debug|Any CPU.Build.0 = Debug|Any CPU
		{16F0EDBD-A938-4AAE-B170-66100788CEB7}.Release|Any CPU.ActiveCfg = Release|Any CPU
		{16F0EDBD-A938-4AAE-B170-66100788CEB7}.Release|Any CPU.Build.0 = Release|Any CPU
	EndGlobalSection
	GlobalSection(SolutionProperties) = preSolution
		HideSolutionNode = FALSE
	EndGlobalSection
	GlobalSection(ExtensibilityGlobals) = postSolution
		SolutionGuid = {750126C4-0E69-4FF6-956F-9F4DCBA71A6A}
	EndGlobalSection
EndGlobal
