
Microsoft Visual Studio Solution File, Format Version 12.00
# Visual Studio Version 17
VisualStudioVersion = 17.3.32804.467
MinimumVisualStudioVersion = 10.0.40219.1
Project("{FAE04EC0-301F-11D3-BF4B-00C04F79EFBC}") = "BackEndFiles", "BackEndFiles\BackEndFiles.csproj", "{A9F0E554-C011-494E-9B90-033D0E98B08E}"
EndProject
Global
	GlobalSection(SolutionConfigurationPlatforms) = preSolution
		Debug|Any CPU = Debug|Any CPU
		Release|Any CPU = Release|Any CPU
	EndGlobalSection
	GlobalSection(ProjectConfigurationPlatforms) = postSolution
		{A9F0E554-C011-494E-9B90-033D0E98B08E}.Debug|Any CPU.ActiveCfg = Debug|Any CPU
		{A9F0E554-C011-494E-9B90-033D0E98B08E}.Debug|Any CPU.Build.0 = Debug|Any CPU
		{A9F0E554-C011-494E-9B90-033D0E98B08E}.Release|Any CPU.ActiveCfg = Release|Any CPU
		{A9F0E554-C011-494E-9B90-033D0E98B08E}.Release|Any CPU.Build.0 = Release|Any CPU
	EndGlobalSection
	GlobalSection(SolutionProperties) = preSolution
		HideSolutionNode = FALSE
	EndGlobalSection
	GlobalSection(ExtensibilityGlobals) = postSolution
		SolutionGuid = {400DE7C7-F623-428C-AE20-4BBA950C88C8}
	EndGlobalSection
EndGlobal
