
Microsoft Visual Studio Solution File, Format Version 12.00
# Visual Studio Version 16
VisualStudioVersion = 16.0.32802.440
MinimumVisualStudioVersion = 10.0.40219.1
Project("{9A19103F-16F7-4668-BE54-9A1E7A4F7556}") = "UdemyMVCFatihHoca.web", "UdemyMVCFatihHoca.web\UdemyMVCFatihHoca.web.csproj", "{2138D5C9-B879-4B11-9E67-4CBC584186F4}"
EndProject
Project("{FAE04EC0-301F-11D3-BF4B-00C04F79EFBC}") = "UdemyMVCFatihHoca.Test", "UdemyMVCFatihHoca.Test\UdemyMVCFatihHoca.Test.csproj", "{B178BA5F-7BD9-4165-8572-F3A7639E96FF}"
EndProject
Global
	GlobalSection(SolutionConfigurationPlatforms) = preSolution
		Debug|Any CPU = Debug|Any CPU
		Release|Any CPU = Release|Any CPU
	EndGlobalSection
	GlobalSection(ProjectConfigurationPlatforms) = postSolution
		{2138D5C9-B879-4B11-9E67-4CBC584186F4}.Debug|Any CPU.ActiveCfg = Debug|Any CPU
		{2138D5C9-B879-4B11-9E67-4CBC584186F4}.Debug|Any CPU.Build.0 = Debug|Any CPU
		{2138D5C9-B879-4B11-9E67-4CBC584186F4}.Release|Any CPU.ActiveCfg = Release|Any CPU
		{2138D5C9-B879-4B11-9E67-4CBC584186F4}.Release|Any CPU.Build.0 = Release|Any CPU
		{B178BA5F-7BD9-4165-8572-F3A7639E96FF}.Debug|Any CPU.ActiveCfg = Debug|Any CPU
		{B178BA5F-7BD9-4165-8572-F3A7639E96FF}.Debug|Any CPU.Build.0 = Debug|Any CPU
		{B178BA5F-7BD9-4165-8572-F3A7639E96FF}.Release|Any CPU.ActiveCfg = Release|Any CPU
		{B178BA5F-7BD9-4165-8572-F3A7639E96FF}.Release|Any CPU.Build.0 = Release|Any CPU
	EndGlobalSection
	GlobalSection(SolutionProperties) = preSolution
		HideSolutionNode = FALSE
	EndGlobalSection
	GlobalSection(ExtensibilityGlobals) = postSolution
		SolutionGuid = {C954FBC3-4719-4C97-B219-99B60FD0F893}
	EndGlobalSection
EndGlobal
