
Microsoft Visual Studio Solution File, Format Version 12.00
# Visual Studio Version 16
VisualStudioVersion = 16.0.32802.440
MinimumVisualStudioVersion = 10.0.40219.1
Project("{FAE04EC0-301F-11D3-BF4B-00C04F79EFBC}") = "NHibernateTutorialTest01", "NHibernateTutorialTest01\NHibernateTutorialTest01.csproj", "{508BED0E-9513-4139-B672-24437C83AD42}"
EndProject
Global
	GlobalSection(SolutionConfigurationPlatforms) = preSolution
		Debug|Any CPU = Debug|Any CPU
		Release|Any CPU = Release|Any CPU
	EndGlobalSection
	GlobalSection(ProjectConfigurationPlatforms) = postSolution
		{508BED0E-9513-4139-B672-24437C83AD42}.Debug|Any CPU.ActiveCfg = Debug|Any CPU
		{508BED0E-9513-4139-B672-24437C83AD42}.Debug|Any CPU.Build.0 = Debug|Any CPU
		{508BED0E-9513-4139-B672-24437C83AD42}.Release|Any CPU.ActiveCfg = Release|Any CPU
		{508BED0E-9513-4139-B672-24437C83AD42}.Release|Any CPU.Build.0 = Release|Any CPU
	EndGlobalSection
	GlobalSection(SolutionProperties) = preSolution
		HideSolutionNode = FALSE
	EndGlobalSection
	GlobalSection(ExtensibilityGlobals) = postSolution
		SolutionGuid = {BFA49D25-716C-4081-B4B9-1EDA1859AA8A}
	EndGlobalSection
EndGlobal
