
Microsoft Visual Studio Solution File, Format Version 12.00
# Visual Studio Version 16
VisualStudioVersion = 16.0.32802.440
MinimumVisualStudioVersion = 10.0.40219.1
Project("{9A19103F-16F7-4668-BE54-9A1E7A4F7556}") = "SadıkTuranMVCYTMovieApp_Main", "SadıkTuranMVCYTMovieApp_Main\SadıkTuranMVCYTMovieApp_Main.csproj", "{7579CB8C-4237-4E84-B574-ACC0EDB24B82}"
EndProject
Global
	GlobalSection(SolutionConfigurationPlatforms) = preSolution
		Debug|Any CPU = Debug|Any CPU
		Release|Any CPU = Release|Any CPU
	EndGlobalSection
	GlobalSection(ProjectConfigurationPlatforms) = postSolution
		{7579CB8C-4237-4E84-B574-ACC0EDB24B82}.Debug|Any CPU.ActiveCfg = Debug|Any CPU
		{7579CB8C-4237-4E84-B574-ACC0EDB24B82}.Debug|Any CPU.Build.0 = Debug|Any CPU
		{7579CB8C-4237-4E84-B574-ACC0EDB24B82}.Release|Any CPU.ActiveCfg = Release|Any CPU
		{7579CB8C-4237-4E84-B574-ACC0EDB24B82}.Release|Any CPU.Build.0 = Release|Any CPU
	EndGlobalSection
	GlobalSection(SolutionProperties) = preSolution
		HideSolutionNode = FALSE
	EndGlobalSection
	GlobalSection(ExtensibilityGlobals) = postSolution
		SolutionGuid = {58ED09D5-7129-46E1-9698-19E973CCDE0C}
	EndGlobalSection
EndGlobal
